{
  "name": "@iguhealth/lambda-layer",
  "version": "0.0.1",
  "lockfileVersion": 3,
  "requires": true,
  "packages": {
    "": {
      "name": "@iguhealth/lambda-layer",
      "version": "0.0.1",
      "dependencies": {
        "@iguhealth/artifacts": "^0.2.9",
        "@iguhealth/client": "^0.5.15",
        "@iguhealth/fhir-patch-building": "^0.1.8",
        "@iguhealth/fhir-pointer": "^0.1.8",
        "@iguhealth/fhir-types": "^0.3.7",
        "@iguhealth/fhir-validation": "^0.4.12",
        "@iguhealth/fhirpath": "^0.2.12",
        "@iguhealth/generated-ops": "^0.2.16",
        "@iguhealth/hl7.fhir.r4.core": "^0.2.4",
        "@iguhealth/meta-value": "^0.7.4",
        "@iguhealth/operation-execution": "^0.9.4",
        "@iguhealth/operation-outcomes": "^0.7.1",
        "@sendgrid/mail": "^8.1.3",
        "axios": "^1.7.4",
        "twilio": "^5.2.2",
        "uuid": "^10.0.0"
      }
    },
    "node_modules/@iguhealth/artifacts": {
      "version": "0.2.14",
      "resolved": "https://registry.npmjs.org/@iguhealth/artifacts/-/artifacts-0.2.14.tgz",
      "integrity": "sha512-pC6NvCSTqu+PhDxs4wJie+k36/JG0TywLss8IdckJlQcbcQGKhEZpEgHaXB6xDPPaalqIz8zPeGeUUREFf6bLw=="
    },
    "node_modules/@iguhealth/client": {
      "version": "0.5.15",
      "resolved": "https://registry.npmjs.org/@iguhealth/client/-/client-0.5.15.tgz",
      "integrity": "sha512-UFkm4A2VpZSSCM+Lk45mlQ9z3g9tYj97+t4ZtwTWV3chukg1sNZZUDjmj1YJjWQDdoRWx6fpye5jJ6iOmo6n+g==",
      "dependencies": {
        "@iguhealth/operation-execution": "^0.4.12",
        "@iguhealth/operation-outcomes": "^0.2.8"
      }
    },
    "node_modules/@iguhealth/client/node_modules/@iguhealth/operation-execution": {
      "version": "0.4.18",
      "resolved": "https://registry.npmjs.org/@iguhealth/operation-execution/-/operation-execution-0.4.18.tgz",
      "integrity": "sha512-1n5J6QOz5z8ZOeMeD3d1tP9kkyGTxt4cSNfxpsvtZwZVLiOvV3MmG5I47xztPVM22Tbt1YRbkqVC6SA1OyzHpw==",
      "dependencies": {
        "@iguhealth/fhir-pointer": "^0.1.13",
        "@iguhealth/fhir-types": "^0.3.12",
        "@iguhealth/fhir-validation": "^0.4.18",
        "@iguhealth/operation-outcomes": "^0.2.13"
      }
    },
    "node_modules/@iguhealth/client/node_modules/@iguhealth/operation-outcomes": {
      "version": "0.2.13",
      "resolved": "https://registry.npmjs.org/@iguhealth/operation-outcomes/-/operation-outcomes-0.2.13.tgz",
      "integrity": "sha512-TVHsHW+LEK+6d4P1du8fI7itGx9fL+Z/eVEmuBR2+xW2ku5ZpogWjm1qWxAJZMuEJihjxnBOJ28Uyu10Jdckzw=="
    },
    "node_modules/@iguhealth/codegen": {
      "version": "0.3.14",
      "resolved": "https://registry.npmjs.org/@iguhealth/codegen/-/codegen-0.3.14.tgz",
      "integrity": "sha512-U9xOtugnVWxPAtmc2V5y9V+duDppT0yoFZLR4/znV3DXBbPGySI7T3AW/8Rzn+LuhwkSvf57IXMBR37CrsdA1Q==",
      "dependencies": {
        "@iguhealth/artifacts": "^0.2.14",
        "@iguhealth/fhir-types": "^0.3.12",
        "commander": "^12.0.0"
      }
    },
    "node_modules/@iguhealth/fhir-patch-building": {
      "version": "0.1.8",
      "resolved": "https://registry.npmjs.org/@iguhealth/fhir-patch-building/-/fhir-patch-building-0.1.8.tgz",
      "integrity": "sha512-8qFzQjhYA05ONveyu/hdc69ipbxhpZG6+KIqBIRGWXsWhPlVsUQ7EznU36g8AB8Suk4LsK8J/sk7Su47GsF14g==",
      "dependencies": {
        "@iguhealth/fhir-pointer": "^0.1.8",
        "fast-json-patch": "^3.1.1",
        "immer": "^10.0.4"
      }
    },
    "node_modules/@iguhealth/fhir-pointer": {
      "version": "0.1.13",
      "resolved": "https://registry.npmjs.org/@iguhealth/fhir-pointer/-/fhir-pointer-0.1.13.tgz",
      "integrity": "sha512-AIEfrWjCqRfW7e3cxx+xKwF/wmk4P8KPQvV9hei7EYEnW9QIvCwkkMsPlDZK4vRkLVrkMy9EUwmsCVXQ5iql3w==",
      "dependencies": {
        "jsonpointer": "^5.0.1"
      }
    },
    "node_modules/@iguhealth/fhir-types": {
      "version": "0.3.12",
      "resolved": "https://registry.npmjs.org/@iguhealth/fhir-types/-/fhir-types-0.3.12.tgz",
      "integrity": "sha512-3QVWqdppFlkytqSSiEo55kGI0083tzCKGJA208FN6T1zC8idDpBHj3t1KDaFEtHj4h2i2N2nr1K6wxx+EwhQyg=="
    },
    "node_modules/@iguhealth/fhir-validation": {
      "version": "0.4.18",
      "resolved": "https://registry.npmjs.org/@iguhealth/fhir-validation/-/fhir-validation-0.4.18.tgz",
      "integrity": "sha512-xy1elvoUHmFpx3RhmryHItLaTSLNJd5r+XPCjibHleEDRV62G7O72/ZWjN3V7q6Kh7cYxms71CFOgC2qlwYBLg==",
      "dependencies": {
        "@iguhealth/codegen": "^0.3.14",
        "@iguhealth/fhir-pointer": "^0.1.13",
        "@iguhealth/operation-outcomes": "^0.2.13",
        "jsonpointer": "^5.0.1"
      }
    },
    "node_modules/@iguhealth/fhir-validation/node_modules/@iguhealth/operation-outcomes": {
      "version": "0.2.13",
      "resolved": "https://registry.npmjs.org/@iguhealth/operation-outcomes/-/operation-outcomes-0.2.13.tgz",
      "integrity": "sha512-TVHsHW+LEK+6d4P1du8fI7itGx9fL+Z/eVEmuBR2+xW2ku5ZpogWjm1qWxAJZMuEJihjxnBOJ28Uyu10Jdckzw=="
    },
    "node_modules/@iguhealth/fhirpath": {
      "version": "0.2.12",
      "resolved": "https://registry.npmjs.org/@iguhealth/fhirpath/-/fhirpath-0.2.12.tgz",
      "integrity": "sha512-agNYanEQxRTT1uDgV7KX82V9qlH98cENjLJI9M3gM1UmJ5XWCvLrVzFhTICnl12JTtS9HhqmkFKC52nbyq7pvg==",
      "dependencies": {
        "@iguhealth/meta-value": "^0.2.12"
      }
    },
    "node_modules/@iguhealth/fhirpath/node_modules/@iguhealth/meta-value": {
      "version": "0.2.17",
      "resolved": "https://registry.npmjs.org/@iguhealth/meta-value/-/meta-value-0.2.17.tgz",
      "integrity": "sha512-EvTvW30k1P/W1SKI/4EiI3SOzcsZHV+f8FYZYhamLhGnElYOXiFQFOso0OTa+U18lc+nWQC84RDwMdOA46Jy6A=="
    },
    "node_modules/@iguhealth/generated-ops": {
      "version": "0.2.16",
      "resolved": "https://registry.npmjs.org/@iguhealth/generated-ops/-/generated-ops-0.2.16.tgz",
      "integrity": "sha512-mux7HfprKlpPpPW/l5Vt3QRiwQrxc45wVSwHgqNdCMEE/WR4DsbDN2E7OmcQTNYugGwH1p5MrsiHzSiqASl/+A==",
      "dependencies": {
        "@iguhealth/operation-execution": "^0.4.12"
      }
    },
    "node_modules/@iguhealth/generated-ops/node_modules/@iguhealth/operation-execution": {
      "version": "0.4.18",
      "resolved": "https://registry.npmjs.org/@iguhealth/operation-execution/-/operation-execution-0.4.18.tgz",
      "integrity": "sha512-1n5J6QOz5z8ZOeMeD3d1tP9kkyGTxt4cSNfxpsvtZwZVLiOvV3MmG5I47xztPVM22Tbt1YRbkqVC6SA1OyzHpw==",
      "dependencies": {
        "@iguhealth/fhir-pointer": "^0.1.13",
        "@iguhealth/fhir-types": "^0.3.12",
        "@iguhealth/fhir-validation": "^0.4.18",
        "@iguhealth/operation-outcomes": "^0.2.13"
      }
    },
    "node_modules/@iguhealth/generated-ops/node_modules/@iguhealth/operation-outcomes": {
      "version": "0.2.13",
      "resolved": "https://registry.npmjs.org/@iguhealth/operation-outcomes/-/operation-outcomes-0.2.13.tgz",
      "integrity": "sha512-TVHsHW+LEK+6d4P1du8fI7itGx9fL+Z/eVEmuBR2+xW2ku5ZpogWjm1qWxAJZMuEJihjxnBOJ28Uyu10Jdckzw=="
    },
    "node_modules/@iguhealth/hl7.fhir.r4.core": {
      "version": "0.2.4",
      "resolved": "https://registry.npmjs.org/@iguhealth/hl7.fhir.r4.core/-/hl7.fhir.r4.core-0.2.4.tgz",
      "integrity": "sha512-Egta0Zw5ZYkCGidqXloedqcCso0hblEBCFM9XBmLywqZutYCOOnTm9GifiO1wGZQNdguLsW3JFrvOP61UpfvvQ=="
    },
    "node_modules/@iguhealth/meta-value": {
      "version": "0.7.4",
      "resolved": "https://registry.npmjs.org/@iguhealth/meta-value/-/meta-value-0.7.4.tgz",
      "integrity": "sha512-do22iaBbRRSeOq0Kw9DKNrjiuKvXNRU8aUDdbOF8rKChzJTik30TrQX73XOhFDJwuXXghBQhYbrXmgFHASLxug=="
    },
    "node_modules/@iguhealth/operation-execution": {
      "version": "0.9.4",
      "resolved": "https://registry.npmjs.org/@iguhealth/operation-execution/-/operation-execution-0.9.4.tgz",
      "integrity": "sha512-pFCeyvV6rykMHtaPOpgwqT0yh7rdh8V1uTaDEd0PWxqDB/bH2JVlNlBHScNXJBUTpmAx0ANvAABbPGOcZLIg7g==",
      "dependencies": {
        "@iguhealth/fhir-pointer": "^0.6.1",
        "@iguhealth/fhir-types": "^0.8.1",
        "@iguhealth/fhir-validation": "^0.9.4",
        "@iguhealth/operation-outcomes": "^0.7.1"
      }
    },
    "node_modules/@iguhealth/operation-execution/node_modules/@iguhealth/artifacts": {
      "version": "0.7.1",
      "resolved": "https://registry.npmjs.org/@iguhealth/artifacts/-/artifacts-0.7.1.tgz",
      "integrity": "sha512-1ydErCTT8LFDR+CWkrOvwKHJqzL1Us2ZswVB0/q6sFC0R7/YFs0e0Qru1pNn7t7oao/yQrlAbBN+oKdfHbQwyg=="
    },
    "node_modules/@iguhealth/operation-execution/node_modules/@iguhealth/codegen": {
      "version": "0.8.1",
      "resolved": "https://registry.npmjs.org/@iguhealth/codegen/-/codegen-0.8.1.tgz",
      "integrity": "sha512-Cc7OJuhIKRw/hGsV0d2BVWTZAwdvgKCfHdwF2sK1NgdOslwtolQ8g+yqb0/YSLbRzb+P873Pr8yw6QN5EvZiQQ==",
      "dependencies": {
        "@iguhealth/artifacts": "^0.7.1",
        "@iguhealth/fhir-types": "^0.8.1",
        "commander": "^12.1.0"
      }
    },
    "node_modules/@iguhealth/operation-execution/node_modules/@iguhealth/fhir-pointer": {
      "version": "0.6.1",
      "resolved": "https://registry.npmjs.org/@iguhealth/fhir-pointer/-/fhir-pointer-0.6.1.tgz",
      "integrity": "sha512-FH3gJ3chAMXQmaCe1UT9l7pZeQLJETKeBKYEgtZOnSMDRJ6prfrc1pw/DaGyalxRC6MNOUfXlj6y/vJwGqIqSQ==",
      "dependencies": {
        "jsonpointer": "^5.0.1"
      }
    },
    "node_modules/@iguhealth/operation-execution/node_modules/@iguhealth/fhir-types": {
      "version": "0.8.1",
      "resolved": "https://registry.npmjs.org/@iguhealth/fhir-types/-/fhir-types-0.8.1.tgz",
      "integrity": "sha512-EOltj4sOdS7JsZnFXVpXKxbWql93liavNDuvlqKNyaMvZEUz0Ti8yoMH1sE8n+GQPFu3RTDKJLvFiEgap/ZSug=="
    },
    "node_modules/@iguhealth/operation-execution/node_modules/@iguhealth/fhir-validation": {
      "version": "0.9.4",
      "resolved": "https://registry.npmjs.org/@iguhealth/fhir-validation/-/fhir-validation-0.9.4.tgz",
      "integrity": "sha512-Wb24rfHvpMMjkToJwbV4f9E//0Kcbe+vZH21TBrc2+HLMrnLcLdNchjmIm0vgjZPdmaWa+alpizdZY02F9riQQ==",
      "dependencies": {
        "@iguhealth/codegen": "^0.8.1",
        "@iguhealth/fhir-pointer": "^0.6.1",
        "@iguhealth/operation-outcomes": "^0.7.1",
        "jsonpointer": "^5.0.1"
      }
    },
    "node_modules/@iguhealth/operation-outcomes": {
      "version": "0.7.1",
      "resolved": "https://registry.npmjs.org/@iguhealth/operation-outcomes/-/operation-outcomes-0.7.1.tgz",
      "integrity": "sha512-P9Wbx280jAEvldmRCa0+afmbcTefutZIFB2qrM7DRkLQUN8BJfqVSTeb1Dr70YgDCLinuena01P2F3Ohrm/HMQ=="
    },
    "node_modules/@sendgrid/client": {
      "version": "8.1.3",
      "resolved": "https://registry.npmjs.org/@sendgrid/client/-/client-8.1.3.tgz",
      "integrity": "sha512-mRwTticRZIdUTsnyzvlK6dMu3jni9ci9J+dW/6fMMFpGRAJdCJlivFVYQvqk8kRS3RnFzS7sf6BSmhLl1ldDhA==",
      "dependencies": {
        "@sendgrid/helpers": "^8.0.0",
        "axios": "^1.6.8"
      },
      "engines": {
        "node": ">=12.*"
      }
    },
    "node_modules/@sendgrid/helpers": {
      "version": "8.0.0",
      "resolved": "https://registry.npmjs.org/@sendgrid/helpers/-/helpers-8.0.0.tgz",
      "integrity": "sha512-Ze7WuW2Xzy5GT5WRx+yEv89fsg/pgy3T1E3FS0QEx0/VvRmigMZ5qyVGhJz4SxomegDkzXv/i0aFPpHKN8qdAA==",
      "dependencies": {
        "deepmerge": "^4.2.2"
      },
      "engines": {
        "node": ">= 12.0.0"
      }
    },
    "node_modules/@sendgrid/mail": {
      "version": "8.1.3",
      "resolved": "https://registry.npmjs.org/@sendgrid/mail/-/mail-8.1.3.tgz",
      "integrity": "sha512-Wg5iKSUOER83/cfY6rbPa+o3ChnYzWwv1OcsR8gCV8SKi+sUPIMroildimlnb72DBkQxcbylxng1W7f0RIX7MQ==",
      "dependencies": {
        "@sendgrid/client": "^8.1.3",
        "@sendgrid/helpers": "^8.0.0"
      },
      "engines": {
        "node": ">=12.*"
      }
    },
    "node_modules/agent-base": {
      "version": "6.0.2",
      "resolved": "https://registry.npmjs.org/agent-base/-/agent-base-6.0.2.tgz",
      "integrity": "sha512-RZNwNclF7+MS/8bDg70amg32dyeZGZxiDuQmZxKLAlQjr3jGyLx+4Kkk58UO7D2QdgFIQCovuSuZESne6RG6XQ==",
      "dependencies": {
        "debug": "4"
      },
      "engines": {
        "node": ">= 6.0.0"
      }
    },
    "node_modules/asynckit": {
      "version": "0.4.0",
      "resolved": "https://registry.npmjs.org/asynckit/-/asynckit-0.4.0.tgz",
      "integrity": "sha512-Oei9OH4tRh0YqU3GxhX79dM/mwVgvbZJaSNaRk+bshkj0S5cfHcgYakreBjrHwatXKbz+IoIdYLxrKim2MjW0Q=="
    },
    "node_modules/axios": {
      "version": "1.7.4",
      "resolved": "https://registry.npmjs.org/axios/-/axios-1.7.4.tgz",
      "integrity": "sha512-DukmaFRnY6AzAALSH4J2M3k6PkaC+MfaAGdEERRWcC9q3/TWQwLpHR8ZRLKTdQ3aBDL64EdluRDjJqKw+BPZEw==",
      "dependencies": {
        "follow-redirects": "^1.15.6",
        "form-data": "^4.0.0",
        "proxy-from-env": "^1.1.0"
      }
    },
    "node_modules/buffer-equal-constant-time": {
      "version": "1.0.1",
      "resolved": "https://registry.npmjs.org/buffer-equal-constant-time/-/buffer-equal-constant-time-1.0.1.tgz",
      "integrity": "sha512-zRpUiDwd/xk6ADqPMATG8vc9VPrkck7T07OIx0gnjmJAnHnTVXNQG3vfvWNuiZIkwu9KrKdA1iJKfsfTVxE6NA=="
    },
    "node_modules/call-bind": {
      "version": "1.0.7",
      "resolved": "https://registry.npmjs.org/call-bind/-/call-bind-1.0.7.tgz",
      "integrity": "sha512-GHTSNSYICQ7scH7sZ+M2rFopRoLh8t2bLSW6BbgrtLsahOIB5iyAVJf9GjWK3cYTDaMj4XdBpM1cA6pIS0Kv2w==",
      "dependencies": {
        "es-define-property": "^1.0.0",
        "es-errors": "^1.3.0",
        "function-bind": "^1.1.2",
        "get-intrinsic": "^1.2.4",
        "set-function-length": "^1.2.1"
      },
      "engines": {
        "node": ">= 0.4"
      },
      "funding": {
        "url": "https://github.com/sponsors/ljharb"
      }
    },
    "node_modules/combined-stream": {
      "version": "1.0.8",
      "resolved": "https://registry.npmjs.org/combined-stream/-/combined-stream-1.0.8.tgz",
      "integrity": "sha512-FQN4MRfuJeHf7cBbBMJFXhKSDq+2kAArBlmRBvcvFE5BB1HZKXtSFASDhdlz9zOYwxh8lDdnvmMOe/+5cdoEdg==",
      "dependencies": {
        "delayed-stream": "~1.0.0"
      },
      "engines": {
        "node": ">= 0.8"
      }
    },
    "node_modules/commander": {
      "version": "12.1.0",
      "resolved": "https://registry.npmjs.org/commander/-/commander-12.1.0.tgz",
      "integrity": "sha512-Vw8qHK3bZM9y/P10u3Vib8o/DdkvA2OtPtZvD871QKjy74Wj1WSKFILMPRPSdUSx5RFK1arlJzEtA4PkFgnbuA==",
      "engines": {
        "node": ">=18"
      }
    },
    "node_modules/dayjs": {
      "version": "1.11.10",
      "resolved": "https://registry.npmjs.org/dayjs/-/dayjs-1.11.10.tgz",
      "integrity": "sha512-vjAczensTgRcqDERK0SR2XMwsF/tSvnvlv6VcF2GIhg6Sx4yOIt/irsr1RDJsKiIyBzJDpCoXiWWq28MqH2cnQ=="
    },
    "node_modules/debug": {
      "version": "4.3.4",
      "resolved": "https://registry.npmjs.org/debug/-/debug-4.3.4.tgz",
      "integrity": "sha512-PRWFHuSU3eDtQJPvnNY7Jcket1j0t5OuOsFzPPzsekD52Zl8qUfFIPEiswXqIvHWGVHOgX+7G/vCNNhehwxfkQ==",
      "dependencies": {
        "ms": "2.1.2"
      },
      "engines": {
        "node": ">=6.0"
      },
      "peerDependenciesMeta": {
        "supports-color": {
          "optional": true
        }
      }
    },
    "node_modules/deepmerge": {
      "version": "4.3.1",
      "resolved": "https://registry.npmjs.org/deepmerge/-/deepmerge-4.3.1.tgz",
      "integrity": "sha512-3sUqbMEc77XqpdNO7FRyRog+eW3ph+GYCbj+rK+uYyRMuwsVy0rMiVtPn+QJlKFvWP/1PYpapqYn0Me2knFn+A==",
      "engines": {
        "node": ">=0.10.0"
      }
    },
    "node_modules/define-data-property": {
      "version": "1.1.4",
      "resolved": "https://registry.npmjs.org/define-data-property/-/define-data-property-1.1.4.tgz",
      "integrity": "sha512-rBMvIzlpA8v6E+SJZoo++HAYqsLrkg7MSfIinMPFhmkorw7X+dOXVJQs+QT69zGkzMyfDnIMN2Wid1+NbL3T+A==",
      "dependencies": {
        "es-define-property": "^1.0.0",
        "es-errors": "^1.3.0",
        "gopd": "^1.0.1"
      },
      "engines": {
        "node": ">= 0.4"
      },
      "funding": {
        "url": "https://github.com/sponsors/ljharb"
      }
    },
    "node_modules/delayed-stream": {
      "version": "1.0.0",
      "resolved": "https://registry.npmjs.org/delayed-stream/-/delayed-stream-1.0.0.tgz",
      "integrity": "sha512-ZySD7Nf91aLB0RxL4KGrKHBXl7Eds1DAmEdcoVawXnLD7SDhpNgtuII2aAkg7a7QS41jxPSZ17p4VdGnMHk3MQ==",
      "engines": {
        "node": ">=0.4.0"
      }
    },
    "node_modules/ecdsa-sig-formatter": {
      "version": "1.0.11",
      "resolved": "https://registry.npmjs.org/ecdsa-sig-formatter/-/ecdsa-sig-formatter-1.0.11.tgz",
      "integrity": "sha512-nagl3RYrbNv6kQkeJIpt6NJZy8twLB/2vtz6yN9Z4vRKHN4/QZJIEbqohALSgwKdnksuY3k5Addp5lg8sVoVcQ==",
      "dependencies": {
        "safe-buffer": "^5.0.1"
      }
    },
    "node_modules/es-define-property": {
      "version": "1.0.0",
      "resolved": "https://registry.npmjs.org/es-define-property/-/es-define-property-1.0.0.tgz",
      "integrity": "sha512-jxayLKShrEqqzJ0eumQbVhTYQM27CfT1T35+gCgDFoL82JLsXqTJ76zv6A0YLOgEnLUMvLzsDsGIrl8NFpT2gQ==",
      "dependencies": {
        "get-intrinsic": "^1.2.4"
      },
      "engines": {
        "node": ">= 0.4"
      }
    },
    "node_modules/es-errors": {
      "version": "1.3.0",
      "resolved": "https://registry.npmjs.org/es-errors/-/es-errors-1.3.0.tgz",
      "integrity": "sha512-Zf5H2Kxt2xjTvbJvP2ZWLEICxA6j+hAmMzIlypy4xcBg1vKVnx89Wy0GbS+kf5cwCVFFzdCFh2XSCFNULS6csw==",
      "engines": {
        "node": ">= 0.4"
      }
    },
    "node_modules/fast-json-patch": {
      "version": "3.1.1",
      "resolved": "https://registry.npmjs.org/fast-json-patch/-/fast-json-patch-3.1.1.tgz",
      "integrity": "sha512-vf6IHUX2SBcA+5/+4883dsIjpBTqmfBjmYiWK1savxQmFk4JfBMLa7ynTYOs1Rolp/T1betJxHiGD3g1Mn8lUQ=="
    },
    "node_modules/follow-redirects": {
      "version": "1.15.6",
      "resolved": "https://registry.npmjs.org/follow-redirects/-/follow-redirects-1.15.6.tgz",
      "integrity": "sha512-wWN62YITEaOpSK584EZXJafH1AGpO8RVgElfkuXbTOrPX4fIfOyEpW/CsiNd8JdYrAoOvafRTOEnvsO++qCqFA==",
      "funding": [
        {
          "type": "individual",
          "url": "https://github.com/sponsors/RubenVerborgh"
        }
      ],
      "engines": {
        "node": ">=4.0"
      },
      "peerDependenciesMeta": {
        "debug": {
          "optional": true
        }
      }
    },
    "node_modules/form-data": {
      "version": "4.0.0",
      "resolved": "https://registry.npmjs.org/form-data/-/form-data-4.0.0.tgz",
      "integrity": "sha512-ETEklSGi5t0QMZuiXoA/Q6vcnxcLQP5vdugSpuAyi6SVGi2clPPp+xgEhuMaHC+zGgn31Kd235W35f7Hykkaww==",
      "dependencies": {
        "asynckit": "^0.4.0",
        "combined-stream": "^1.0.8",
        "mime-types": "^2.1.12"
      },
      "engines": {
        "node": ">= 6"
      }
    },
    "node_modules/function-bind": {
      "version": "1.1.2",
      "resolved": "https://registry.npmjs.org/function-bind/-/function-bind-1.1.2.tgz",
      "integrity": "sha512-7XHNxH7qX9xG5mIwxkhumTox/MIRNcOgDrxWsMt2pAr23WHp6MrRlN7FBSFpCpr+oVO0F744iUgR82nJMfG2SA==",
      "funding": {
        "url": "https://github.com/sponsors/ljharb"
      }
    },
    "node_modules/get-intrinsic": {
      "version": "1.2.4",
      "resolved": "https://registry.npmjs.org/get-intrinsic/-/get-intrinsic-1.2.4.tgz",
      "integrity": "sha512-5uYhsJH8VJBTv7oslg4BznJYhDoRI6waYCxMmCdnTrcCrHA/fCFKoTFz2JKKE0HdDFUF7/oQuhzumXJK7paBRQ==",
      "dependencies": {
        "es-errors": "^1.3.0",
        "function-bind": "^1.1.2",
        "has-proto": "^1.0.1",
        "has-symbols": "^1.0.3",
        "hasown": "^2.0.0"
      },
      "engines": {
        "node": ">= 0.4"
      },
      "funding": {
        "url": "https://github.com/sponsors/ljharb"
      }
    },
    "node_modules/gopd": {
      "version": "1.0.1",
      "resolved": "https://registry.npmjs.org/gopd/-/gopd-1.0.1.tgz",
      "integrity": "sha512-d65bNlIadxvpb/A2abVdlqKqV563juRnZ1Wtk6s1sIR8uNsXR70xqIzVqxVf1eTqDunwT2MkczEeaezCKTZhwA==",
      "dependencies": {
        "get-intrinsic": "^1.1.3"
      },
      "funding": {
        "url": "https://github.com/sponsors/ljharb"
      }
    },
    "node_modules/has-property-descriptors": {
      "version": "1.0.2",
      "resolved": "https://registry.npmjs.org/has-property-descriptors/-/has-property-descriptors-1.0.2.tgz",
      "integrity": "sha512-55JNKuIW+vq4Ke1BjOTjM2YctQIvCT7GFzHwmfZPGo5wnrgkid0YQtnAleFSqumZm4az3n2BS+erby5ipJdgrg==",
      "dependencies": {
        "es-define-property": "^1.0.0"
      },
      "funding": {
        "url": "https://github.com/sponsors/ljharb"
      }
    },
    "node_modules/has-proto": {
      "version": "1.0.3",
      "resolved": "https://registry.npmjs.org/has-proto/-/has-proto-1.0.3.tgz",
      "integrity": "sha512-SJ1amZAJUiZS+PhsVLf5tGydlaVB8EdFpaSO4gmiUKUOxk8qzn5AIy4ZeJUmh22znIdk/uMAUT2pl3FxzVUH+Q==",
      "engines": {
        "node": ">= 0.4"
      },
      "funding": {
        "url": "https://github.com/sponsors/ljharb"
      }
    },
    "node_modules/has-symbols": {
      "version": "1.0.3",
      "resolved": "https://registry.npmjs.org/has-symbols/-/has-symbols-1.0.3.tgz",
      "integrity": "sha512-l3LCuF6MgDNwTDKkdYGEihYjt5pRPbEg46rtlmnSPlUbgmB8LOIrKJbYYFBSbnPaJexMKtiPO8hmeRjRz2Td+A==",
      "engines": {
        "node": ">= 0.4"
      },
      "funding": {
        "url": "https://github.com/sponsors/ljharb"
      }
    },
    "node_modules/hasown": {
      "version": "2.0.2",
      "resolved": "https://registry.npmjs.org/hasown/-/hasown-2.0.2.tgz",
      "integrity": "sha512-0hJU9SCPvmMzIBdZFqNPXWa6dqh7WdH0cII9y+CyS8rG3nL48Bclra9HmKhVVUHyPWNH5Y7xDwAB7bfgSjkUMQ==",
      "dependencies": {
        "function-bind": "^1.1.2"
      },
      "engines": {
        "node": ">= 0.4"
      }
    },
    "node_modules/https-proxy-agent": {
      "version": "5.0.1",
      "resolved": "https://registry.npmjs.org/https-proxy-agent/-/https-proxy-agent-5.0.1.tgz",
      "integrity": "sha512-dFcAjpTQFgoLMzC2VwU+C/CbS7uRL0lWmxDITmqm7C+7F0Odmj6s9l6alZc6AELXhrnggM2CeWSXHGOdX2YtwA==",
      "dependencies": {
        "agent-base": "6",
        "debug": "4"
      },
      "engines": {
        "node": ">= 6"
      }
    },
    "node_modules/immer": {
      "version": "10.0.4",
      "resolved": "https://registry.npmjs.org/immer/-/immer-10.0.4.tgz",
      "integrity": "sha512-cuBuGK40P/sk5IzWa9QPUaAdvPHjkk1c+xYsd9oZw+YQQEV+10G0P5uMpGctZZKnyQ+ibRO08bD25nWLmYi2pw==",
      "funding": {
        "type": "opencollective",
        "url": "https://opencollective.com/immer"
      }
    },
    "node_modules/jsonpointer": {
      "version": "5.0.1",
      "resolved": "https://registry.npmjs.org/jsonpointer/-/jsonpointer-5.0.1.tgz",
      "integrity": "sha512-p/nXbhSEcu3pZRdkW1OfJhpsVtW1gd4Wa1fnQc9YLiTfAjn0312eMKimbdIQzuZl9aa9xUGaRlP9T/CJE/ditQ==",
      "engines": {
        "node": ">=0.10.0"
      }
    },
    "node_modules/jsonwebtoken": {
      "version": "9.0.2",
      "resolved": "https://registry.npmjs.org/jsonwebtoken/-/jsonwebtoken-9.0.2.tgz",
      "integrity": "sha512-PRp66vJ865SSqOlgqS8hujT5U4AOgMfhrwYIuIhfKaoSCZcirrmASQr8CX7cUg+RMih+hgznrjp99o+W4pJLHQ==",
      "dependencies": {
        "jws": "^3.2.2",
        "lodash.includes": "^4.3.0",
        "lodash.isboolean": "^3.0.3",
        "lodash.isinteger": "^4.0.4",
        "lodash.isnumber": "^3.0.3",
        "lodash.isplainobject": "^4.0.6",
        "lodash.isstring": "^4.0.1",
        "lodash.once": "^4.0.0",
        "ms": "^2.1.1",
        "semver": "^7.5.4"
      },
      "engines": {
        "node": ">=12",
        "npm": ">=6"
      }
    },
    "node_modules/jwa": {
      "version": "1.4.1",
      "resolved": "https://registry.npmjs.org/jwa/-/jwa-1.4.1.tgz",
      "integrity": "sha512-qiLX/xhEEFKUAJ6FiBMbes3w9ATzyk5W7Hvzpa/SLYdxNtng+gcurvrI7TbACjIXlsJyr05/S1oUhZrc63evQA==",
      "dependencies": {
        "buffer-equal-constant-time": "1.0.1",
        "ecdsa-sig-formatter": "1.0.11",
        "safe-buffer": "^5.0.1"
      }
    },
    "node_modules/jws": {
      "version": "3.2.2",
      "resolved": "https://registry.npmjs.org/jws/-/jws-3.2.2.tgz",
      "integrity": "sha512-YHlZCB6lMTllWDtSPHz/ZXTsi8S00usEV6v1tjq8tOUZzw7DpSDWVXjXDre6ed1w/pd495ODpHZYSdkRTsa0HA==",
      "dependencies": {
        "jwa": "^1.4.1",
        "safe-buffer": "^5.0.1"
      }
    },
    "node_modules/lodash.includes": {
      "version": "4.3.0",
      "resolved": "https://registry.npmjs.org/lodash.includes/-/lodash.includes-4.3.0.tgz",
      "integrity": "sha512-W3Bx6mdkRTGtlJISOvVD/lbqjTlPPUDTMnlXZFnVwi9NKJ6tiAk6LVdlhZMm17VZisqhKcgzpO5Wz91PCt5b0w=="
    },
    "node_modules/lodash.isboolean": {
      "version": "3.0.3",
      "resolved": "https://registry.npmjs.org/lodash.isboolean/-/lodash.isboolean-3.0.3.tgz",
      "integrity": "sha512-Bz5mupy2SVbPHURB98VAcw+aHh4vRV5IPNhILUCsOzRmsTmSQ17jIuqopAentWoehktxGd9e/hbIXq980/1QJg=="
    },
    "node_modules/lodash.isinteger": {
      "version": "4.0.4",
      "resolved": "https://registry.npmjs.org/lodash.isinteger/-/lodash.isinteger-4.0.4.tgz",
      "integrity": "sha512-DBwtEWN2caHQ9/imiNeEA5ys1JoRtRfY3d7V9wkqtbycnAmTvRRmbHKDV4a0EYc678/dia0jrte4tjYwVBaZUA=="
    },
    "node_modules/lodash.isnumber": {
      "version": "3.0.3",
      "resolved": "https://registry.npmjs.org/lodash.isnumber/-/lodash.isnumber-3.0.3.tgz",
      "integrity": "sha512-QYqzpfwO3/CWf3XP+Z+tkQsfaLL/EnUlXWVkIk5FUPc4sBdTehEqZONuyRt2P67PXAk+NXmTBcc97zw9t1FQrw=="
    },
    "node_modules/lodash.isplainobject": {
      "version": "4.0.6",
      "resolved": "https://registry.npmjs.org/lodash.isplainobject/-/lodash.isplainobject-4.0.6.tgz",
      "integrity": "sha512-oSXzaWypCMHkPC3NvBEaPHf0KsA5mvPrOPgQWDsbg8n7orZ290M0BmC/jgRZ4vcJ6DTAhjrsSYgdsW/F+MFOBA=="
    },
    "node_modules/lodash.isstring": {
      "version": "4.0.1",
      "resolved": "https://registry.npmjs.org/lodash.isstring/-/lodash.isstring-4.0.1.tgz",
      "integrity": "sha512-0wJxfxH1wgO3GrbuP+dTTk7op+6L41QCXbGINEmD+ny/G/eCqGzxyCsh7159S+mgDDcoarnBw6PC1PS5+wUGgw=="
    },
    "node_modules/lodash.once": {
      "version": "4.1.1",
      "resolved": "https://registry.npmjs.org/lodash.once/-/lodash.once-4.1.1.tgz",
      "integrity": "sha512-Sb487aTOCr9drQVL8pIxOzVhafOjZN9UU54hiN8PU3uAiSV7lx1yYNpbNmex2PK6dSJoNTSJUUswT651yww3Mg=="
    },
    "node_modules/lru-cache": {
      "version": "6.0.0",
      "resolved": "https://registry.npmjs.org/lru-cache/-/lru-cache-6.0.0.tgz",
      "integrity": "sha512-Jo6dJ04CmSjuznwJSS3pUeWmd/H0ffTlkXXgwZi+eq1UCmqQwCh+eLsYOYCwY991i2Fah4h1BEMCx4qThGbsiA==",
      "dependencies": {
        "yallist": "^4.0.0"
      },
      "engines": {
        "node": ">=10"
      }
    },
    "node_modules/mime-db": {
      "version": "1.52.0",
      "resolved": "https://registry.npmjs.org/mime-db/-/mime-db-1.52.0.tgz",
      "integrity": "sha512-sPU4uV7dYlvtWJxwwxHD0PuihVNiE7TyAbQ5SWxDCB9mUYvOgroQOwYQQOKPJ8CIbE+1ETVlOoK1UC2nU3gYvg==",
      "engines": {
        "node": ">= 0.6"
      }
    },
    "node_modules/mime-types": {
      "version": "2.1.35",
      "resolved": "https://registry.npmjs.org/mime-types/-/mime-types-2.1.35.tgz",
      "integrity": "sha512-ZDY+bPm5zTTF+YpCrAU9nK0UgICYPT0QtT1NZWFv4s++TNkcgVaT0g6+4R2uI4MjQjzysHB1zxuWL50hzaeXiw==",
      "dependencies": {
        "mime-db": "1.52.0"
      },
      "engines": {
        "node": ">= 0.6"
      }
    },
    "node_modules/ms": {
      "version": "2.1.2",
      "resolved": "https://registry.npmjs.org/ms/-/ms-2.1.2.tgz",
      "integrity": "sha512-sGkPx+VjMtmA6MX27oA4FBFELFCZZ4S4XqeGOXCv68tT+jb3vk/RyaKWP0PTKyWtmLSM0b+adUTEvbs1PEaH2w=="
    },
    "node_modules/object-inspect": {
      "version": "1.13.1",
      "resolved": "https://registry.npmjs.org/object-inspect/-/object-inspect-1.13.1.tgz",
      "integrity": "sha512-5qoj1RUiKOMsCCNLV1CBiPYE10sziTsnmNxkAI/rZhiD63CF7IqdFGC/XzjWjpSgLf0LxXX3bDFIh0E18f6UhQ==",
      "funding": {
        "url": "https://github.com/sponsors/ljharb"
      }
    },
    "node_modules/proxy-from-env": {
      "version": "1.1.0",
      "resolved": "https://registry.npmjs.org/proxy-from-env/-/proxy-from-env-1.1.0.tgz",
      "integrity": "sha512-D+zkORCbA9f1tdWRK0RaCR3GPv50cMxcrz4X8k5LTSUD1Dkw47mKJEZQNunItRTkWwgtaUSo1RVFRIG9ZXiFYg=="
    },
    "node_modules/qs": {
      "version": "6.12.0",
      "resolved": "https://registry.npmjs.org/qs/-/qs-6.12.0.tgz",
      "integrity": "sha512-trVZiI6RMOkO476zLGaBIzszOdFPnCCXHPG9kn0yuS1uz6xdVxPfZdB3vUig9pxPFDM9BRAgz/YUIVQ1/vuiUg==",
      "dependencies": {
        "side-channel": "^1.0.6"
      },
      "engines": {
        "node": ">=0.6"
      },
      "funding": {
        "url": "https://github.com/sponsors/ljharb"
      }
    },
    "node_modules/safe-buffer": {
      "version": "5.2.1",
      "resolved": "https://registry.npmjs.org/safe-buffer/-/safe-buffer-5.2.1.tgz",
      "integrity": "sha512-rp3So07KcdmmKbGvgaNxQSJr7bGVSVk5S9Eq1F+ppbRo70+YeaDxkw5Dd8NPN+GD6bjnYm2VuPuCXmpuYvmCXQ==",
      "funding": [
        {
          "type": "github",
          "url": "https://github.com/sponsors/feross"
        },
        {
          "type": "patreon",
          "url": "https://www.patreon.com/feross"
        },
        {
          "type": "consulting",
          "url": "https://feross.org/support"
        }
      ]
    },
    "node_modules/scmp": {
      "version": "2.1.0",
      "resolved": "https://registry.npmjs.org/scmp/-/scmp-2.1.0.tgz",
      "integrity": "sha512-o/mRQGk9Rcer/jEEw/yw4mwo3EU/NvYvp577/Btqrym9Qy5/MdWGBqipbALgd2lrdWTJ5/gqDusxfnQBxOxT2Q=="
    },
    "node_modules/semver": {
      "version": "7.6.0",
      "resolved": "https://registry.npmjs.org/semver/-/semver-7.6.0.tgz",
      "integrity": "sha512-EnwXhrlwXMk9gKu5/flx5sv/an57AkRplG3hTK68W7FRDN+k+OWBj65M7719OkA82XLBxrcX0KSHj+X5COhOVg==",
      "dependencies": {
        "lru-cache": "^6.0.0"
      },
      "bin": {
        "semver": "bin/semver.js"
      },
      "engines": {
        "node": ">=10"
      }
    },
    "node_modules/set-function-length": {
      "version": "1.2.2",
      "resolved": "https://registry.npmjs.org/set-function-length/-/set-function-length-1.2.2.tgz",
      "integrity": "sha512-pgRc4hJ4/sNjWCSS9AmnS40x3bNMDTknHgL5UaMBTMyJnU90EgWh1Rz+MC9eFu4BuN/UwZjKQuY/1v3rM7HMfg==",
      "dependencies": {
        "define-data-property": "^1.1.4",
        "es-errors": "^1.3.0",
        "function-bind": "^1.1.2",
        "get-intrinsic": "^1.2.4",
        "gopd": "^1.0.1",
        "has-property-descriptors": "^1.0.2"
      },
      "engines": {
        "node": ">= 0.4"
      }
    },
    "node_modules/side-channel": {
      "version": "1.0.6",
      "resolved": "https://registry.npmjs.org/side-channel/-/side-channel-1.0.6.tgz",
      "integrity": "sha512-fDW/EZ6Q9RiO8eFG8Hj+7u/oW+XrPTIChwCOM2+th2A6OblDtYYIpve9m+KvI9Z4C9qSEXlaGR6bTEYHReuglA==",
      "dependencies": {
        "call-bind": "^1.0.7",
        "es-errors": "^1.3.0",
        "get-intrinsic": "^1.2.4",
        "object-inspect": "^1.13.1"
      },
      "engines": {
        "node": ">= 0.4"
      },
      "funding": {
        "url": "https://github.com/sponsors/ljharb"
      }
    },
    "node_modules/twilio": {
      "version": "5.2.2",
      "resolved": "https://registry.npmjs.org/twilio/-/twilio-5.2.2.tgz",
      "integrity": "sha512-t2Nd8CvqAc0YxbJghKYQl1Vxc7e6SrWk4U28wwkarUohGcsUMLsGpYeGXKw1Va0KB9TGVZYCs8dcP4TdLJUN9Q==",
      "dependencies": {
        "axios": "^1.6.8",
        "dayjs": "^1.11.9",
        "https-proxy-agent": "^5.0.0",
        "jsonwebtoken": "^9.0.2",
        "qs": "^6.9.4",
        "scmp": "^2.1.0",
        "xmlbuilder": "^13.0.2"
      },
      "engines": {
        "node": ">=14.0"
      }
    },
    "node_modules/uuid": {
      "version": "10.0.0",
      "resolved": "https://registry.npmjs.org/uuid/-/uuid-10.0.0.tgz",
      "integrity": "sha512-8XkAphELsDnEGrDxUOHB3RGvXz6TeuYSGEZBOjtTtPm2lwhGBjLgOzLHB63IUWfBpNucQjND6d3AOudO+H3RWQ==",
      "funding": [
        "https://github.com/sponsors/broofa",
        "https://github.com/sponsors/ctavan"
      ],
      "bin": {
        "uuid": "dist/bin/uuid"
      }
    },
    "node_modules/xmlbuilder": {
      "version": "13.0.2",
      "resolved": "https://registry.npmjs.org/xmlbuilder/-/xmlbuilder-13.0.2.tgz",
      "integrity": "sha512-Eux0i2QdDYKbdbA6AM6xE4m6ZTZr4G4xF9kahI2ukSEMCzwce2eX9WlTI5J3s+NU7hpasFsr8hWIONae7LluAQ==",
      "engines": {
        "node": ">=6.0"
      }
    },
    "node_modules/yallist": {
      "version": "4.0.0",
      "resolved": "https://registry.npmjs.org/yallist/-/yallist-4.0.0.tgz",
      "integrity": "sha512-3wdGidZyq5PB084XLES5TpOSRA3wjXAlIWMhum2kRcv/41Sn2emQ0dycQW4uZXLejwKvg6EsvbdlVL+FYEct7A=="
    }
  }
}
